
Microsoft Visual Studio Solution File, Format Version 12.00
# Visual Studio Version 17
VisualStudioVersion = 17.4.33110.190
MinimumVisualStudioVersion = 10.0.40219.1
Project("{9A19103F-16F7-4668-BE54-9A1E7A4F7556}") = "Gui.Desktop", "Gui.Desktop\Gui.Desktop.csproj", "{F8502C76-6FF6-434A-97AC-8A5A6BE92EC4}"
EndProject
Project("{9A19103F-16F7-4668-BE54-9A1E7A4F7556}") = "Lib.Providers", "Lib.Providers\Lib.Providers.csproj", "{1E91EED2-EECE-4070-8F00-5E00ACEC5516}"
EndProject
Project("{9A19103F-16F7-4668-BE54-9A1E7A4F7556}") = "Lib.GuiCommander", "Lib.GuiCommander\Lib.GuiCommander.csproj", "{12DB3CA7-9DA5-4274-BDF9-63D084A535D9}"
EndProject
Project("{FAE04EC0-301F-11D3-BF4B-00C04F79EFBC}") = "ConsoleApp", "ConsoleApp\ConsoleApp.csproj", "{4FF4077A-AD1D-4A6A-9E55-D1B94748C635}"
EndProject
Global
	GlobalSection(SolutionConfigurationPlatforms) = preSolution
		Debug|Any CPU = Debug|Any CPU
		Release|Any CPU = Release|Any CPU
	EndGlobalSection
	GlobalSection(ProjectConfigurationPlatforms) = postSolution
		{F8502C76-6FF6-434A-97AC-8A5A6BE92EC4}.Debug|Any CPU.ActiveCfg = Debug|Any CPU
		{F8502C76-6FF6-434A-97AC-8A5A6BE92EC4}.Debug|Any CPU.Build.0 = Debug|Any CPU
		{F8502C76-6FF6-434A-97AC-8A5A6BE92EC4}.Release|Any CPU.ActiveCfg = Release|Any CPU
		{F8502C76-6FF6-434A-97AC-8A5A6BE92EC4}.Release|Any CPU.Build.0 = Release|Any CPU
		{1E91EED2-EECE-4070-8F00-5E00ACEC5516}.Debug|Any CPU.ActiveCfg = Debug|Any CPU
		{1E91EED2-EECE-4070-8F00-5E00ACEC5516}.Debug|Any CPU.Build.0 = Debug|Any CPU
		{1E91EED2-EECE-4070-8F00-5E00ACEC5516}.Release|Any CPU.ActiveCfg = Release|Any CPU
		{1E91EED2-EECE-4070-8F00-5E00ACEC5516}.Release|Any CPU.Build.0 = Release|Any CPU
		{12DB3CA7-9DA5-4274-BDF9-63D084A535D9}.Debug|Any CPU.ActiveCfg = Debug|Any CPU
		{12DB3CA7-9DA5-4274-BDF9-63D084A535D9}.Debug|Any CPU.Build.0 = Debug|Any CPU
		{12DB3CA7-9DA5-4274-BDF9-63D084A535D9}.Release|Any CPU.ActiveCfg = Release|Any CPU
		{12DB3CA7-9DA5-4274-BDF9-63D084A535D9}.Release|Any CPU.Build.0 = Release|Any CPU
		{4FF4077A-AD1D-4A6A-9E55-D1B94748C635}.Debug|Any CPU.ActiveCfg = Debug|Any CPU
		{4FF4077A-AD1D-4A6A-9E55-D1B94748C635}.Debug|Any CPU.Build.0 = Debug|Any CPU
		{4FF4077A-AD1D-4A6A-9E55-D1B94748C635}.Release|Any CPU.ActiveCfg = Release|Any CPU
		{4FF4077A-AD1D-4A6A-9E55-D1B94748C635}.Release|Any CPU.Build.0 = Release|Any CPU
	EndGlobalSection
	GlobalSection(SolutionProperties) = preSolution
		HideSolutionNode = FALSE
	EndGlobalSection
	GlobalSection(ExtensibilityGlobals) = postSolution
		SolutionGuid = {9AA5B448-EFF7-44BA-B250-01898BA05EC9}
	EndGlobalSection
EndGlobal
